{
  "name": "StoreBook",
  "version": "1.0.0",
  "lockfileVersion": 1,
  "dependencies": {
    "inversify": {
      "version": "4.3.0",
      "resolved": "https://registry.npmjs.org/inversify/-/inversify-4.3.0.tgz",
      "integrity": "sha512-BbKzOP4nLl7DSHx31vN5KgUkkJc759+OLocDGryldXPjogixzOs/n4qvT25lbNN67uB6aWlFF84NS/zI5j8pfg=="
    },
    "reflect-metadata": {
      "version": "0.1.10",
      "resolved": "https://registry.npmjs.org/reflect-metadata/-/reflect-metadata-0.1.10.tgz",
      "integrity": "sha1-tPg3BEFqytiZiMmxVjXUfgO5NEo="
    }
  }
}
